
Microsoft Visual Studio Solution File, Format Version 12.00
# Visual Studio Version 17
VisualStudioVersion = 17.4.33103.184
MinimumVisualStudioVersion = 10.0.40219.1
Project("{FAE04EC0-301F-11D3-BF4B-00C04F79EFBC}") = "AusweisnummerGenerator", "AusweisnummerGenerator\AusweisnummerGenerator.csproj", "{FCAF3763-45F6-4DCD-90B4-0DA802D8AA67}"
EndProject
Global
	GlobalSection(SolutionConfigurationPlatforms) = preSolution
		Debug|Any CPU = Debug|Any CPU
		Release|Any CPU = Release|Any CPU
	EndGlobalSection
	GlobalSection(ProjectConfigurationPlatforms) = postSolution
		{FCAF3763-45F6-4DCD-90B4-0DA802D8AA67}.Debug|Any CPU.ActiveCfg = Debug|Any CPU
		{FCAF3763-45F6-4DCD-90B4-0DA802D8AA67}.Debug|Any CPU.Build.0 = Debug|Any CPU
		{FCAF3763-45F6-4DCD-90B4-0DA802D8AA67}.Release|Any CPU.ActiveCfg = Release|Any CPU
		{FCAF3763-45F6-4DCD-90B4-0DA802D8AA67}.Release|Any CPU.Build.0 = Release|Any CPU
	EndGlobalSection
	GlobalSection(SolutionProperties) = preSolution
		HideSolutionNode = FALSE
	EndGlobalSection
	GlobalSection(ExtensibilityGlobals) = postSolution
		SolutionGuid = {022A6477-2FC7-4463-87DA-2C286B8CA591}
	EndGlobalSection
EndGlobal
